
Microsoft Visual Studio Solution File, Format Version 12.00
# Visual Studio 15
Project("{FAE04EC0-301F-11D3-BF4B-00C04F79EFBC}") = "MonsterAPI", "MonsterAPI.csproj", "{0A02B167-5437-4ED2-9B72-BE521F344614}"
EndProject
Global
	GlobalSection(SolutionConfigurationPlatforms) = preSolution
		Debug|Any CPU = Debug|Any CPU
		Release|Any CPU = Release|Any CPU
	EndGlobalSection
	GlobalSection(ProjectConfigurationPlatforms) = postSolution
		{0A02B167-5437-4ED2-9B72-BE521F344614}.Debug|Any CPU.ActiveCfg = Debug|Any CPU
		{0A02B167-5437-4ED2-9B72-BE521F344614}.Debug|Any CPU.Build.0 = Debug|Any CPU
		{0A02B167-5437-4ED2-9B72-BE521F344614}.Release|Any CPU.ActiveCfg = Release|Any CPU
		{0A02B167-5437-4ED2-9B72-BE521F344614}.Release|Any CPU.Build.0 = Release|Any CPU
	EndGlobalSection
EndGlobal
